
Microsoft Visual Studio Solution File, Format Version 12.00
# Visual Studio Version 17
VisualStudioVersion = 17.0.31903.59
MinimumVisualStudioVersion = 10.0.40219.1
Project("{2150E333-8FDC-42A3-9474-1A3956D46DE8}") = "src", "src", "{63A8AA1C-4410-462F-8D83-300AFC503B18}"
EndProject
Project("{FAE04EC0-301F-11D3-BF4B-00C04F79EFBC}") = "OnoSoft.Shared", "src\OnoSoft.Shared\OnoSoft.Shared.csproj", "{B4F983B3-1F0D-499B-BE08-8FB7CDE548B9}"
EndProject
Project("{FAE04EC0-301F-11D3-BF4B-00C04F79EFBC}") = "ClipboardHistoryManager", "src\ClipboardHistoryManager\ClipboardHistoryManager.csproj", "{78A897DB-266A-4AA9-86C7-E02FAD172695}"
EndProject
Global
	GlobalSection(SolutionConfigurationPlatforms) = preSolution
		Debug|Any CPU = Debug|Any CPU
		Release|Any CPU = Release|Any CPU
	EndGlobalSection
	GlobalSection(SolutionProperties) = preSolution
		HideSolutionNode = FALSE
	EndGlobalSection
	GlobalSection(ProjectConfigurationPlatforms) = postSolution
		{B4F983B3-1F0D-499B-BE08-8FB7CDE548B9}.Debug|Any CPU.ActiveCfg = Debug|Any CPU
		{B4F983B3-1F0D-499B-BE08-8FB7CDE548B9}.Debug|Any CPU.Build.0 = Debug|Any CPU
		{B4F983B3-1F0D-499B-BE08-8FB7CDE548B9}.Release|Any CPU.ActiveCfg = Release|Any CPU
		{B4F983B3-1F0D-499B-BE08-8FB7CDE548B9}.Release|Any CPU.Build.0 = Release|Any CPU
		{78A897DB-266A-4AA9-86C7-E02FAD172695}.Debug|Any CPU.ActiveCfg = Debug|Any CPU
		{78A897DB-266A-4AA9-86C7-E02FAD172695}.Debug|Any CPU.Build.0 = Debug|Any CPU
		{78A897DB-266A-4AA9-86C7-E02FAD172695}.Release|Any CPU.ActiveCfg = Release|Any CPU
		{78A897DB-266A-4AA9-86C7-E02FAD172695}.Release|Any CPU.Build.0 = Release|Any CPU
	EndGlobalSection
	GlobalSection(NestedProjects) = preSolution
		{B4F983B3-1F0D-499B-BE08-8FB7CDE548B9} = {63A8AA1C-4410-462F-8D83-300AFC503B18}
		{78A897DB-266A-4AA9-86C7-E02FAD172695} = {63A8AA1C-4410-462F-8D83-300AFC503B18}
	EndGlobalSection
EndGlobal
